
Microsoft Visual Studio Solution File, Format Version 12.00
# Visual Studio Version 16
VisualStudioVersion = 16.0.30621.155
MinimumVisualStudioVersion = 10.0.40219.1
Project("{FAE04EC0-301F-11D3-BF4B-00C04F79EFBC}") = "LEDCubeFeeder", "LEDCubeFeeder\LEDCubeFeeder.csproj", "{37B407C2-2A1F-4392-904C-1012EC1E194B}"
EndProject
Project("{2150E333-8FDC-42A3-9474-1A3956D46DE8}") = "Solution Items", "Solution Items", "{4CC7BC67-B238-4838-9BAC-7E75CBD3E399}"
	ProjectSection(SolutionItems) = preProject
		LICENSE.txt = LICENSE.txt
	EndProjectSection
EndProject
Global
	GlobalSection(SolutionConfigurationPlatforms) = preSolution
		Debug|Any CPU = Debug|Any CPU
		Release|Any CPU = Release|Any CPU
	EndGlobalSection
	GlobalSection(ProjectConfigurationPlatforms) = postSolution
		{37B407C2-2A1F-4392-904C-1012EC1E194B}.Debug|Any CPU.ActiveCfg = Debug|Any CPU
		{37B407C2-2A1F-4392-904C-1012EC1E194B}.Debug|Any CPU.Build.0 = Debug|Any CPU
		{37B407C2-2A1F-4392-904C-1012EC1E194B}.Release|Any CPU.ActiveCfg = Release|Any CPU
		{37B407C2-2A1F-4392-904C-1012EC1E194B}.Release|Any CPU.Build.0 = Release|Any CPU
	EndGlobalSection
	GlobalSection(SolutionProperties) = preSolution
		HideSolutionNode = FALSE
	EndGlobalSection
	GlobalSection(ExtensibilityGlobals) = postSolution
		SolutionGuid = {BEF57915-44C6-4FA8-B91B-CB7EABF9B107}
	EndGlobalSection
EndGlobal
